
Microsoft Visual Studio Solution File, Format Version 12.00
# Visual Studio Version 17
VisualStudioVersion = 17.3.32929.385
MinimumVisualStudioVersion = 10.0.40219.1
Project("{9A19103F-16F7-4668-BE54-9A1E7A4F7556}") = "DataAccessLayer", "ConsoleApp\DataAccessLayer.csproj", "{D5FBE49E-ED19-40CF-B989-02C43ED7BAA2}"
EndProject
Project("{9A19103F-16F7-4668-BE54-9A1E7A4F7556}") = "BusinessLogicLayer", "BusinessLogicLayer\BusinessLogicLayer.csproj", "{5FFB014B-A14D-4E65-B215-7432D22B827F}"
EndProject
Project("{FAE04EC0-301F-11D3-BF4B-00C04F79EFBC}") = "ConsoleClientSideApp", "ConsoleClientSideApp\ConsoleClientSideApp.csproj", "{31C4114C-2331-4F75-BA2A-DCEDDCA4CBA6}"
EndProject
Global
	GlobalSection(SolutionConfigurationPlatforms) = preSolution
		Debug|Any CPU = Debug|Any CPU
		Release|Any CPU = Release|Any CPU
	EndGlobalSection
	GlobalSection(ProjectConfigurationPlatforms) = postSolution
		{D5FBE49E-ED19-40CF-B989-02C43ED7BAA2}.Debug|Any CPU.ActiveCfg = Debug|Any CPU
		{D5FBE49E-ED19-40CF-B989-02C43ED7BAA2}.Debug|Any CPU.Build.0 = Debug|Any CPU
		{D5FBE49E-ED19-40CF-B989-02C43ED7BAA2}.Release|Any CPU.ActiveCfg = Release|Any CPU
		{D5FBE49E-ED19-40CF-B989-02C43ED7BAA2}.Release|Any CPU.Build.0 = Release|Any CPU
		{5FFB014B-A14D-4E65-B215-7432D22B827F}.Debug|Any CPU.ActiveCfg = Debug|Any CPU
		{5FFB014B-A14D-4E65-B215-7432D22B827F}.Debug|Any CPU.Build.0 = Debug|Any CPU
		{5FFB014B-A14D-4E65-B215-7432D22B827F}.Release|Any CPU.ActiveCfg = Release|Any CPU
		{5FFB014B-A14D-4E65-B215-7432D22B827F}.Release|Any CPU.Build.0 = Release|Any CPU
		{31C4114C-2331-4F75-BA2A-DCEDDCA4CBA6}.Debug|Any CPU.ActiveCfg = Debug|Any CPU
		{31C4114C-2331-4F75-BA2A-DCEDDCA4CBA6}.Debug|Any CPU.Build.0 = Debug|Any CPU
		{31C4114C-2331-4F75-BA2A-DCEDDCA4CBA6}.Release|Any CPU.ActiveCfg = Release|Any CPU
		{31C4114C-2331-4F75-BA2A-DCEDDCA4CBA6}.Release|Any CPU.Build.0 = Release|Any CPU
	EndGlobalSection
	GlobalSection(SolutionProperties) = preSolution
		HideSolutionNode = FALSE
	EndGlobalSection
	GlobalSection(ExtensibilityGlobals) = postSolution
		SolutionGuid = {A7C10BA6-B9F8-4E31-A6F4-918694586BEC}
	EndGlobalSection
EndGlobal
